
Microsoft Visual Studio Solution File, Format Version 12.00
# Visual Studio Version 17
VisualStudioVersion = 17.9.34714.143
MinimumVisualStudioVersion = 10.0.40219.1
Project("{FAE04EC0-301F-11D3-BF4B-00C04F79EFBC}") = "TestElevator", "TestElevator\TestElevator.csproj", "{27BAF974-DE4E-446E-9E74-9271D2FCED1B}"
EndProject
Project("{FAE04EC0-301F-11D3-BF4B-00C04F79EFBC}") = "ElevatorWinFrm", "ElevatorWinFrm\ElevatorWinFrm.csproj", "{FA1A2480-5D50-4EDA-8370-625EFF7646E7}"
EndProject
Project("{FAE04EC0-301F-11D3-BF4B-00C04F79EFBC}") = "ElevatorLibrary", "ElevatorLibrary\ElevatorLibrary.csproj", "{9F407244-56AC-43C3-97D9-741899056292}"
EndProject
Global
	GlobalSection(SolutionConfigurationPlatforms) = preSolution
		Debug|Any CPU = Debug|Any CPU
		Release|Any CPU = Release|Any CPU
	EndGlobalSection
	GlobalSection(ProjectConfigurationPlatforms) = postSolution
		{27BAF974-DE4E-446E-9E74-9271D2FCED1B}.Debug|Any CPU.ActiveCfg = Debug|Any CPU
		{27BAF974-DE4E-446E-9E74-9271D2FCED1B}.Debug|Any CPU.Build.0 = Debug|Any CPU
		{27BAF974-DE4E-446E-9E74-9271D2FCED1B}.Release|Any CPU.ActiveCfg = Release|Any CPU
		{27BAF974-DE4E-446E-9E74-9271D2FCED1B}.Release|Any CPU.Build.0 = Release|Any CPU
		{FA1A2480-5D50-4EDA-8370-625EFF7646E7}.Debug|Any CPU.ActiveCfg = Debug|Any CPU
		{FA1A2480-5D50-4EDA-8370-625EFF7646E7}.Debug|Any CPU.Build.0 = Debug|Any CPU
		{FA1A2480-5D50-4EDA-8370-625EFF7646E7}.Release|Any CPU.ActiveCfg = Release|Any CPU
		{FA1A2480-5D50-4EDA-8370-625EFF7646E7}.Release|Any CPU.Build.0 = Release|Any CPU
		{9F407244-56AC-43C3-97D9-741899056292}.Debug|Any CPU.ActiveCfg = Debug|Any CPU
		{9F407244-56AC-43C3-97D9-741899056292}.Debug|Any CPU.Build.0 = Debug|Any CPU
		{9F407244-56AC-43C3-97D9-741899056292}.Release|Any CPU.ActiveCfg = Release|Any CPU
		{9F407244-56AC-43C3-97D9-741899056292}.Release|Any CPU.Build.0 = Release|Any CPU
	EndGlobalSection
	GlobalSection(SolutionProperties) = preSolution
		HideSolutionNode = FALSE
	EndGlobalSection
	GlobalSection(ExtensibilityGlobals) = postSolution
		SolutionGuid = {B82D1783-D398-45FD-AAA9-61B888CFA8F6}
	EndGlobalSection
EndGlobal
